Microsoft Visual Studio Solution File, Format Version 12.00
# Visual Studio Version 17
VisualStudioVersion = 17.5.2.0
MinimumVisualStudioVersion = 10.0.40219.1
Project("{FAE04EC0-301F-11D3-BF4B-00C04F79EFBC}") = "jogo-rpg", "jogo-rpg.csproj", "{CAD315EB-89B8-0EBE-811A-8BC6BF22A275}"
EndProject
Global
	GlobalSection(SolutionConfigurationPlatforms) = preSolution
		Debug|Any CPU = Debug|Any CPU
		Release|Any CPU = Release|Any CPU
	EndGlobalSection
	GlobalSection(ProjectConfigurationPlatforms) = postSolution
		{CAD315EB-89B8-0EBE-811A-8BC6BF22A275}.Debug|Any CPU.ActiveCfg = Debug|Any CPU
		{CAD315EB-89B8-0EBE-811A-8BC6BF22A275}.Debug|Any CPU.Build.0 = Debug|Any CPU
		{CAD315EB-89B8-0EBE-811A-8BC6BF22A275}.Release|Any CPU.ActiveCfg = Release|Any CPU
		{CAD315EB-89B8-0EBE-811A-8BC6BF22A275}.Release|Any CPU.Build.0 = Release|Any CPU
	EndGlobalSection
	GlobalSection(SolutionProperties) = preSolution
		HideSolutionNode = FALSE
	EndGlobalSection
	GlobalSection(ExtensibilityGlobals) = postSolution
		SolutionGuid = {01E9159B-0CD4-4AF3-AFAE-7870074CA712}
	EndGlobalSection
EndGlobal
